
Microsoft Visual Studio Solution File, Format Version 12.00
# Visual Studio 15
VisualStudioVersion = 15.0.26430.12
MinimumVisualStudioVersion = 10.0.40219.1
Project("{FAE04EC0-301F-11D3-BF4B-00C04F79EFBC}") = "Mic.FixerSharp.Client", "Mic.FixerSharp.Client\Mic.FixerSharp.Client.csproj", "{6EE21656-4E99-4AB2-AF1E-9CD923C2B0FA}"
EndProject
Project("{FAE04EC0-301F-11D3-BF4B-00C04F79EFBC}") = "Mic.FixerSharp.Framework", "Mic.FixerSharp.Framework\Mic.FixerSharp.Framework.csproj", "{901270A6-8598-43B4-B622-0F70ABA67177}"
EndProject
Global
	GlobalSection(SolutionConfigurationPlatforms) = preSolution
		Debug|Any CPU = Debug|Any CPU
		Release|Any CPU = Release|Any CPU
	EndGlobalSection
	GlobalSection(ProjectConfigurationPlatforms) = postSolution
		{6EE21656-4E99-4AB2-AF1E-9CD923C2B0FA}.Debug|Any CPU.ActiveCfg = Debug|Any CPU
		{6EE21656-4E99-4AB2-AF1E-9CD923C2B0FA}.Debug|Any CPU.Build.0 = Debug|Any CPU
		{6EE21656-4E99-4AB2-AF1E-9CD923C2B0FA}.Release|Any CPU.ActiveCfg = Release|Any CPU
		{6EE21656-4E99-4AB2-AF1E-9CD923C2B0FA}.Release|Any CPU.Build.0 = Release|Any CPU
		{901270A6-8598-43B4-B622-0F70ABA67177}.Debug|Any CPU.ActiveCfg = Debug|Any CPU
		{901270A6-8598-43B4-B622-0F70ABA67177}.Debug|Any CPU.Build.0 = Debug|Any CPU
		{901270A6-8598-43B4-B622-0F70ABA67177}.Release|Any CPU.ActiveCfg = Release|Any CPU
		{901270A6-8598-43B4-B622-0F70ABA67177}.Release|Any CPU.Build.0 = Release|Any CPU
	EndGlobalSection
	GlobalSection(SolutionProperties) = preSolution
		HideSolutionNode = FALSE
	EndGlobalSection
EndGlobal
